{
    "_readme": [
        "This file locks the dependencies of your project to a known state",
        "Read more about it at http://getcomposer.org/doc/01-basic-usage.md#composer-lock-the-lock-file",
        "This file is @generated automatically"
    ],
    "hash": "7087e6247b7305b79f98a5a619fbd3b0",
    "packages": [
        {
            "name": "bshaffer/oauth2-server-php",
            "version": "v1.0",
            "source": {
                "type": "git",
                "url": "https://github.com/bshaffer/oauth2-server-php.git",
                "reference": "7abe692c57d8f11026556036ee59575f8b0d328e"
            },
            "dist": {
                "type": "zip",
                "url": "https://api.github.com/repos/bshaffer/oauth2-server-php/zipball/7abe692c57d8f11026556036ee59575f8b0d328e",
                "reference": "7abe692c57d8f11026556036ee59575f8b0d328e",
                "shasum": ""
            },
            "require": {
                "php": ">=5.2.0"
            },
            "type": "library",
            "autoload": {
                "psr-0": {
                    "OAuth2": "src/"
                }
            },
            "notification-url": "https://packagist.org/downloads/",
            "license": [
                "MIT"
            ],
            "authors": [
                {
                    "name": "Brent Shaffer",
                    "email": "bshafs@gmail.com",
                    "homepage": "http://github.com/bshaffer"
                }
            ],
            "description": "OAuth2 Server for PHP",
            "homepage": "http://github.com/bshaffer/oauth2-server-php",
            "keywords": [
                "auth",
                "oauth",
                "oauth2"
            ],
            "time": "2013-08-12 16:35:58"
        },
        {
            "name": "codemix/oauth2yii",
            "version": "dev-master",
            "source": {
                "type": "git",
                "url": "https://github.com/codemix/oauth2yii.git",
                "reference": "2741e21b3fc7adea705beda6ec84b5d47acdb222"
            },
            "dist": {
                "type": "zip",
                "url": "https://api.github.com/repos/codemix/oauth2yii/zipball/2741e21b3fc7adea705beda6ec84b5d47acdb222",
                "reference": "2741e21b3fc7adea705beda6ec84b5d47acdb222",
                "shasum": ""
            },
            "require": {
                "bshaffer/oauth2-server-php": "1.0",
                "php": ">=5.3.0"
            },
            "type": "library",
            "autoload": {
                "psr-0": {
                    "OAuth2Yii": "src/"
                }
            },
            "notification-url": "https://packagist.org/downloads/",
            "license": [
                "MIT"
            ],
            "authors": [
                {
                    "name": "Michael Haertl",
                    "email": "haertl.mike@gmail.com"
                }
            ],
            "description": "An OAuth2 client / server extension for the Yii framework",
            "keywords": [
                "Authentication",
                "oauth",
                "oauth2"
            ],
            "time": "2014-03-12 13:21:15"
        },
        {
            "name": "crisu83/yii-sentry",
            "version": "dev-master",
            "source": {
                "type": "git",
                "url": "https://github.com/crisu83/yii-sentry.git",
                "reference": "c43499e427bd803206a1970944605db03f079697"
            },
            "dist": {
                "type": "zip",
                "url": "https://api.github.com/repos/crisu83/yii-sentry/zipball/c43499e427bd803206a1970944605db03f079697",
                "reference": "c43499e427bd803206a1970944605db03f079697",
                "shasum": ""
            },
            "require": {
                "raven/raven": "0.8.*"
            },
            "require-dev": {
                "yiisoft/yii": ">=1.1.14"
            },
            "type": "library",
            "autoload": {
                "classmap": [
                    "components/"
                ]
            },
            "notification-url": "https://packagist.org/downloads/",
            "license": [
                "BSD-3-Clause"
            ],
            "authors": [
                {
                    "name": "Christoffer Niska",
                    "email": "christoffer.niska@gmail.com",
                    "homepage": "http://www.cniska.net/"
                }
            ],
            "description": "Sentry for the Yii PHP framework.",
            "keywords": [
                "error",
                "exception",
                "log",
                "sentry",
                "yii"
            ],
            "time": "2014-08-18 16:13:25"
        },
        {
            "name": "crisu83/yiistrap",
            "version": "dev-bs3",
            "source": {
                "type": "git",
                "url": "https://github.com/crisu83/yiistrap.git",
                "reference": "94dfec5b642edc7f9bb50ffbabb476707f86e6ab"
            },
            "dist": {
                "type": "zip",
                "url": "https://api.github.com/repos/crisu83/yiistrap/zipball/94dfec5b642edc7f9bb50ffbabb476707f86e6ab",
                "reference": "94dfec5b642edc7f9bb50ffbabb476707f86e6ab",
                "shasum": ""
            },
            "require": {
                "twbs/bootstrap": ">=3.1.1"
            },
            "require-dev": {
                "apigen/apigen": "~4.0",
                "codeception/codeception": "@stable",
                "crisu83/yii-composer": ">=1.0.0",
                "yiisoft/yii": ">=1.1.13"
            },
            "type": "library",
            "extra": {
                "yii-install-writable": [
                    "tests/_log"
                ]
            },
            "autoload": {
                "classmap": [
                    "behaviors/",
                    "components/",
                    "form/",
                    "helpers/",
                    "widgets/",
                    "gii/bootstrap/BootstrapCode.php"
                ]
            },
            "notification-url": "https://packagist.org/downloads/",
            "license": [
                "BSD-3-Clause"
            ],
            "authors": [
                {
                    "name": "Christoffer Niska",
                    "email": "christoffer.niska@gmail.com",
                    "homepage": "http://www.cniska.net/"
                },
                {
                    "name": "Antonio Ramirez",
                    "email": "ramirez.cobos@gmail.com",
                    "homepage": "http://www.ramirezcobos.com/"
                }
            ],
            "description": "Twitter Bootstrap for the Yii PHP framework.",
            "keywords": [
                "bootstrap",
                "yii"
            ],
            "time": "2015-02-27 14:48:18"
        },
        {
            "name": "ircmaxell/random-lib",
            "version": "v1.0.0",
            "source": {
                "type": "git",
                "url": "https://github.com/ircmaxell/RandomLib.git",
                "reference": "0eaad991c1756842f26dfbcbc6effcabb5003d0a"
            },
            "dist": {
                "type": "zip",
                "url": "https://api.github.com/repos/ircmaxell/RandomLib/zipball/0eaad991c1756842f26dfbcbc6effcabb5003d0a",
                "reference": "0eaad991c1756842f26dfbcbc6effcabb5003d0a",
                "shasum": ""
            },
            "require": {
                "ircmaxell/security-lib": "1.0.*@dev",
                "php": ">=5.3.2"
            },
            "require-dev": {
                "mikey179/vfsstream": "1.1.*"
            },
            "type": "library",
            "extra": {
                "branch-alias": {
                    "dev-master": "1.0.x-dev"
                }
            },
            "autoload": {
                "psr-0": {
                    "RandomLib": "lib"
                }
            },
            "notification-url": "https://packagist.org/downloads/",
            "license": [
                "MIT"
            ],
            "authors": [
                {
                    "name": "Anthony Ferrara",
                    "email": "ircmaxell@ircmaxell.com",
                    "homepage": "http://blog.ircmaxell.com"
                }
            ],
            "description": "A Library For Generating Secure Random Numbers",
            "homepage": "https://github.com/ircmaxell/PHP-RandomLib",
            "keywords": [
                "cryptography",
                "random",
                "random-numbers",
                "random-strings"
            ],
            "time": "2013-07-30 17:40:57"
        },
        {
            "name": "ircmaxell/security-lib",
            "version": "dev-master",
            "source": {
                "type": "git",
                "url": "https://github.com/ircmaxell/SecurityLib.git",
                "reference": "f3db6de12c20c9bcd1aa3db4353a1bbe0e44e1b5"
            },
            "dist": {
                "type": "zip",
                "url": "https://api.github.com/repos/ircmaxell/SecurityLib/zipball/f3db6de12c20c9bcd1aa3db4353a1bbe0e44e1b5",
                "reference": "f3db6de12c20c9bcd1aa3db4353a1bbe0e44e1b5",
                "shasum": ""
            },
            "require": {
                "php": ">=5.3.2"
            },
            "require-dev": {
                "mikey179/vfsstream": "1.1.*"
            },
            "type": "library",
            "extra": {
                "branch-alias": {
                    "dev-master": "1.0.x-dev"
                }
            },
            "autoload": {
                "psr-0": {
                    "SecurityLib": "lib"
                }
            },
            "notification-url": "https://packagist.org/downloads/",
            "license": [
                "MIT"
            ],
            "authors": [
                {
                    "name": "Anthony Ferrara",
                    "email": "ircmaxell@ircmaxell.com",
                    "homepage": "http://blog.ircmaxell.com"
                }
            ],
            "description": "A Base Security Library",
            "homepage": "https://github.com/ircmaxell/SecurityLib",
            "time": "2015-03-20 14:31:23"
        },
        {
            "name": "neam/yii-dna-debug-modes-and-error-handling",
            "version": "dev-develop",
            "source": {
                "type": "git",
                "url": "https://github.com/neam/yii-dna-debug-modes-and-error-handling.git",
                "reference": "d37f5eb795e12a93c057f374b32df3da3e398478"
            },
            "dist": {
                "type": "zip",
                "url": "https://api.github.com/repos/neam/yii-dna-debug-modes-and-error-handling/zipball/d37f5eb795e12a93c057f374b32df3da3e398478",
                "reference": "d37f5eb795e12a93c057f374b32df3da3e398478",
                "shasum": ""
            },
            "require": {
                "crisu83/yii-sentry": "dev-master as 1.3.0",
                "php": ">=5.4.0"
            },
            "type": "library",
            "autoload": {
                "classmap": [
                    "components/",
                    "exceptions/",
                    "traits/"
                ]
            },
            "notification-url": "https://packagist.org/downloads/",
            "license": [
                "BSD-3-Clause"
            ],
            "authors": [
                {
                    "name": "Fredrik Wollsén",
                    "email": "fredrik@neam.se",
                    "homepage": "http://www.neam.se"
                }
            ],
            "description": "Provides easy debug of redirects and general application flow through logs as well as user and developer friendly error handling in production.",
            "homepage": "https://github.com/neam/yii-dna-debug-modes-and-error-handling",
            "keywords": [
                "debug",
                "dna",
                "error-handling",
                "php",
                "yii"
            ],
            "time": "2015-06-03 12:34:11"
        },
        {
            "name": "nordsoftware/yii-account",
            "version": "1.3.0",
            "source": {
                "type": "git",
                "url": "https://github.com/nordsoftware/yii-account.git",
                "reference": "e4770ccb8f722e469df0cbd7c22fc19c5e328b46"
            },
            "dist": {
                "type": "zip",
                "url": "https://api.github.com/repos/nordsoftware/yii-account/zipball/e4770ccb8f722e469df0cbd7c22fc19c5e328b46",
                "reference": "e4770ccb8f722e469df0cbd7c22fc19c5e328b46",
                "shasum": ""
            },
            "require": {
                "crisu83/yiistrap": "dev-bs3",
                "ircmaxell/random-lib": "v1.0.0",
                "phpnode/yiipassword": ">=1.0.3"
            },
            "require-dev": {
                "codeception/codeception": "*",
                "crisu83/yii-caviar": "dev-develop#1859e55504f3a4076678c9b39843da604dfc43aa",
                "crisu83/yii-consoletools": "*",
                "yiisoft/yii": ">=1.1.14"
            },
            "type": "yii-extension",
            "autoload": {
                "psr-4": {
                    "nordsoftware\\yii_account\\": "./src"
                }
            },
            "notification-url": "https://packagist.org/downloads/",
            "license": [
                "BSD-3-Clause"
            ],
            "authors": [
                {
                    "name": "Christoffer Niska",
                    "email": "ChristofferNiska@gmail.com",
                    "homepage": "http://crisu83.me"
                },
                {
                    "name": "Eric Nishio",
                    "email": "eric@self-learner.com",
                    "homepage": "http://ericnish.io"
                }
            ],
            "description": "Extension that provides basic account functionality for the Yii PHP framework.",
            "time": "2014-09-12 07:07:10"
        },
        {
            "name": "phpnode/yiipassword",
            "version": "dev-master",
            "source": {
                "type": "git",
                "url": "https://github.com/phpnode/yiipassword.git",
                "reference": "53f78186849c3b45d4affd353b07bf11e030e4a0"
            },
            "dist": {
                "type": "zip",
                "url": "https://api.github.com/repos/phpnode/yiipassword/zipball/53f78186849c3b45d4affd353b07bf11e030e4a0",
                "reference": "53f78186849c3b45d4affd353b07bf11e030e4a0",
                "shasum": ""
            },
            "type": "yii-extension",
            "autoload": {
                "psr-0": {
                    "YiiPassword": "src"
                }
            },
            "notification-url": "https://packagist.org/downloads/",
            "license": [
                "BSD-3-Clause"
            ],
            "authors": [
                {
                    "name": "Christoffer Niska",
                    "email": "ChristofferNiska@gmail.com",
                    "homepage": "http://crisu83.me"
                },
                {
                    "name": "Charles Pick",
                    "email": "charles.pick@gmail.com",
                    "homepage": "http://github.com/phpnode"
                }
            ],
            "description": "Password strategies for the Yii PHP framework.",
            "keywords": [
                "bcrypt",
                "password"
            ],
            "time": "2015-05-12 05:00:16"
        },
        {
            "name": "raven/raven",
            "version": "dev-master",
            "source": {
                "type": "git",
                "url": "https://github.com/getsentry/raven-php.git",
                "reference": "dc64b9a45211c4efb25c95334eb103d2945a09d3"
            },
            "dist": {
                "type": "zip",
                "url": "https://api.github.com/repos/getsentry/raven-php/zipball/dc64b9a45211c4efb25c95334eb103d2945a09d3",
                "reference": "dc64b9a45211c4efb25c95334eb103d2945a09d3",
                "shasum": ""
            },
            "require": {
                "ext-curl": "*",
                "php": ">=5.2.4"
            },
            "require-dev": {
                "phpunit/phpunit": "3.7.*"
            },
            "bin": [
                "bin/raven"
            ],
            "type": "library",
            "extra": {
                "branch-alias": {
                    "dev-master": "0.8.x-dev"
                }
            },
            "autoload": {
                "psr-0": {
                    "Raven_": "lib/"
                }
            },
            "notification-url": "https://packagist.org/downloads/",
            "license": [
                "BSD"
            ],
            "authors": [
                {
                    "name": "David Cramer",
                    "email": "dcramer@gmail.com"
                }
            ],
            "description": "A PHP client for Sentry (http://getsentry.com)",
            "homepage": "http://getsentry.com",
            "keywords": [
                "log",
                "logging"
            ],
            "time": "2014-09-24 15:51:54"
        },
        {
            "name": "twbs/bootstrap",
            "version": "dev-master",
            "source": {
                "type": "git",
                "url": "https://github.com/twbs/bootstrap.git",
                "reference": "3487898a6af8c1d5b12f7b040d30e71b19e34923"
            },
            "dist": {
                "type": "zip",
                "url": "https://api.github.com/repos/twbs/bootstrap/zipball/3487898a6af8c1d5b12f7b040d30e71b19e34923",
                "reference": "3487898a6af8c1d5b12f7b040d30e71b19e34923",
                "shasum": ""
            },
            "replace": {
                "twitter/bootstrap": "self.version"
            },
            "type": "library",
            "extra": {
                "branch-alias": {
                    "dev-master": "3.3.x-dev"
                }
            },
            "notification-url": "https://packagist.org/downloads/",
            "license": [
                "MIT"
            ],
            "authors": [
                {
                    "name": "Jacob Thornton",
                    "email": "jacobthornton@gmail.com"
                },
                {
                    "name": "Mark Otto",
                    "email": "markdotto@gmail.com"
                }
            ],
            "description": "The most popular front-end framework for developing responsive, mobile first projects on the web.",
            "homepage": "http://getbootstrap.com",
            "keywords": [
                "JS",
                "css",
                "framework",
                "front-end",
                "less",
                "mobile-first",
                "responsive",
                "web"
            ],
            "time": "2015-05-26 22:15:15"
        },
        {
            "name": "userapp/userapp",
            "version": "1.2.2",
            "source": {
                "type": "git",
                "url": "https://github.com/userapp-io/userapp-php.git",
                "reference": "a1562d7dc37fce59124a71dbf2d22f4f73c8e9d4"
            },
            "dist": {
                "type": "zip",
                "url": "https://api.github.com/repos/userapp-io/userapp-php/zipball/a1562d7dc37fce59124a71dbf2d22f4f73c8e9d4",
                "reference": "a1562d7dc37fce59124a71dbf2d22f4f73c8e9d4",
                "shasum": ""
            },
            "require": {
                "php": ">=5.3.2"
            },
            "type": "library",
            "autoload": {
                "psr-0": {
                    "UserApp\\": "lib/"
                }
            },
            "notification-url": "https://packagist.org/downloads/",
            "license": [
                "MIT"
            ],
            "authors": [
                {
                    "name": "Robin Orheden",
                    "email": "robin.orheden@userapp.io",
                    "homepage": "https://www.userapp.io/"
                }
            ],
            "description": "PHP client library for UserApp.",
            "homepage": "http://github.com/userapp-io/userapp-php",
            "keywords": [
                "User management",
                "user authentication"
            ],
            "time": "2014-08-06 17:03:20"
        },
        {
            "name": "userapp/widget",
            "version": "0.6.7",
            "source": {
                "type": "git",
                "url": "https://github.com/userapp-io/userapp-php-widget.git",
                "reference": "b0d114ede022cfcc00ea67b0ca637bdafa64410a"
            },
            "dist": {
                "type": "zip",
                "url": "https://api.github.com/repos/userapp-io/userapp-php-widget/zipball/b0d114ede022cfcc00ea67b0ca637bdafa64410a",
                "reference": "b0d114ede022cfcc00ea67b0ca637bdafa64410a",
                "shasum": ""
            },
            "require": {
                "userapp/userapp": "1.*"
            },
            "type": "library",
            "autoload": {
                "psr-0": {
                    "UserApp\\Widget\\": "lib/"
                }
            },
            "notification-url": "https://packagist.org/downloads/",
            "license": [
                "MIT"
            ],
            "authors": [
                {
                    "name": "Robin Orheden",
                    "email": "robin.orheden@userapp.io",
                    "homepage": "https://www.userapp.io/"
                }
            ],
            "description": "PHP user widget for UserApp.",
            "homepage": "http://github.com/userapp-io/userapp-php-widget",
            "keywords": [
                "User management",
                "user authentication",
                "user helper"
            ],
            "time": "2014-08-07 04:15:15"
        },
        {
            "name": "weavora/wrest",
            "version": "dev-awaiting-prs",
            "source": {
                "type": "git",
                "url": "https://github.com/neam/wrest.git",
                "reference": "40a644bb74ef2013b2e68d74653b02411144f801"
            },
            "dist": {
                "type": "zip",
                "url": "https://api.github.com/repos/neam/wrest/zipball/40a644bb74ef2013b2e68d74653b02411144f801",
                "reference": "40a644bb74ef2013b2e68d74653b02411144f801",
                "shasum": ""
            },
            "require": {
                "php": ">=5.0.0",
                "yiisoft/yii": ">=1.1.0"
            },
            "type": "yii-extension",
            "license": [
                "MIT"
            ],
            "authors": [
                {
                    "name": "Weavora Team",
                    "email": "hello@weavora.com"
                },
                {
                    "name": "Contributors",
                    "homepage": "https://github.com/weavora/wrest/graphs/contributors"
                }
            ],
            "description": "Yii extension to create REST CRUD interfaces (get, list, update, create, delete actions) for your app",
            "homepage": "https://github.com/weavora/wrest",
            "keywords": [
                "api",
                "rest",
                "yii"
            ],
            "support": {
                "source": "https://github.com/neam/wrest/tree/awaiting-prs"
            },
            "time": "2014-01-28 21:26:50"
        },
        {
            "name": "yiisoft/yii",
            "version": "1.1.15",
            "source": {
                "type": "git",
                "url": "https://github.com/yiisoft/yii.git",
                "reference": "022a51d34ad2c95db2b77b2075e98f5dd78b08e0"
            },
            "dist": {
                "type": "zip",
                "url": "https://api.github.com/repos/yiisoft/yii/zipball/022a51d34ad2c95db2b77b2075e98f5dd78b08e0",
                "reference": "022a51d34ad2c95db2b77b2075e98f5dd78b08e0",
                "shasum": ""
            },
            "require": {
                "php": ">=5.1.0"
            },
            "bin": [
                "framework/yiic"
            ],
            "type": "library",
            "notification-url": "https://packagist.org/downloads/",
            "license": [
                "BSD-3-Clause"
            ],
            "authors": [
                {
                    "name": "Qiang Xue",
                    "email": "qiang.xue@gmail.com",
                    "homepage": "http://www.yiiframework.com/",
                    "role": "Founder and project lead"
                },
                {
                    "name": "Alexander Makarov",
                    "email": "sam@rmcreative.ru",
                    "homepage": "http://rmcreative.ru/",
                    "role": "Core framework development"
                },
                {
                    "name": "Maurizio Domba",
                    "homepage": "http://mdomba.info/",
                    "role": "Core framework development"
                },
                {
                    "name": "Carsten Brandt",
                    "email": "mail@cebe.cc",
                    "homepage": "http://cebe.cc/",
                    "role": "Core framework development"
                },
                {
                    "name": "Wei Zhuo",
                    "email": "weizhuo@gmail.com",
                    "role": "Project site maintenance and development"
                },
                {
                    "name": "Sebastián Thierer",
                    "email": "sebas@artfos.com",
                    "role": "Component development"
                },
                {
                    "name": "Jeffrey Winesett",
                    "email": "jefftulsa@gmail.com",
                    "role": "Documentation and marketing"
                },
                {
                    "name": "Timur Ruziev",
                    "email": "resurtm@gmail.com",
                    "homepage": "http://resurtm.com/",
                    "role": "Core framework development"
                },
                {
                    "name": "Paul Klimov",
                    "email": "klimov.paul@gmail.com",
                    "role": "Core framework development"
                }
            ],
            "description": "Yii Web Programming Framework",
            "homepage": "http://www.yiiframework.com/",
            "keywords": [
                "framework",
                "yii"
            ],
            "time": "2014-06-30 00:14:27"
        }
    ],
    "packages-dev": [],
    "aliases": [],
    "minimum-stability": "dev",
    "stability-flags": {
        "codemix/oauth2yii": 20,
        "weavora/wrest": 20,
        "neam/yii-dna-debug-modes-and-error-handling": 20
    },
    "prefer-stable": false,
    "prefer-lowest": false,
    "platform": {
        "php": ">=5.4.0"
    },
    "platform-dev": []
}
